
Microsoft Visual Studio Solution File, Format Version 12.00
# Visual Studio Version 16
VisualStudioVersion = 16.0.29613.14
MinimumVisualStudioVersion = 10.0.40219.1
Project("{FAE04EC0-301F-11D3-BF4B-00C04F79EFBC}") = "BeanApp.API", "BeanApp.API\BeanApp.API.csproj", "{702491BE-7065-43A5-B1DE-CDD1657F860D}"
	ProjectSection(ProjectDependencies) = postProject
		{708C3B22-13DE-4F56-B2BA-1B843726B1AB} = {708C3B22-13DE-4F56-B2BA-1B843726B1AB}
		{3255B625-092C-41BB-BEEF-F361B5D41908} = {3255B625-092C-41BB-BEEF-F361B5D41908}
	EndProjectSection
EndProject
Project("{9A19103F-16F7-4668-BE54-9A1E7A4F7556}") = "BeanApp.Domain", "BeanDomain\BeanApp.Domain.csproj", "{C1018C30-91CD-45C0-A39C-B5E39DFE365C}"
EndProject
Project("{9A19103F-16F7-4668-BE54-9A1E7A4F7556}") = "BeanApp.Infrastructure", "BeanInfrastructure\BeanApp.Infrastructure.csproj", "{708C3B22-13DE-4F56-B2BA-1B843726B1AB}"
EndProject
Project("{9A19103F-16F7-4668-BE54-9A1E7A4F7556}") = "BeanApp.Services", "BeanServices\BeanApp.Services.csproj", "{3255B625-092C-41BB-BEEF-F361B5D41908}"
EndProject
Global
	GlobalSection(SolutionConfigurationPlatforms) = preSolution
		Debug|Any CPU = Debug|Any CPU
		Release|Any CPU = Release|Any CPU
	EndGlobalSection
	GlobalSection(ProjectConfigurationPlatforms) = postSolution
		{702491BE-7065-43A5-B1DE-CDD1657F860D}.Debug|Any CPU.ActiveCfg = Debug|Any CPU
		{702491BE-7065-43A5-B1DE-CDD1657F860D}.Debug|Any CPU.Build.0 = Debug|Any CPU
		{702491BE-7065-43A5-B1DE-CDD1657F860D}.Release|Any CPU.ActiveCfg = Release|Any CPU
		{702491BE-7065-43A5-B1DE-CDD1657F860D}.Release|Any CPU.Build.0 = Release|Any CPU
		{C1018C30-91CD-45C0-A39C-B5E39DFE365C}.Debug|Any CPU.ActiveCfg = Debug|Any CPU
		{C1018C30-91CD-45C0-A39C-B5E39DFE365C}.Debug|Any CPU.Build.0 = Debug|Any CPU
		{C1018C30-91CD-45C0-A39C-B5E39DFE365C}.Release|Any CPU.ActiveCfg = Release|Any CPU
		{C1018C30-91CD-45C0-A39C-B5E39DFE365C}.Release|Any CPU.Build.0 = Release|Any CPU
		{708C3B22-13DE-4F56-B2BA-1B843726B1AB}.Debug|Any CPU.ActiveCfg = Debug|Any CPU
		{708C3B22-13DE-4F56-B2BA-1B843726B1AB}.Debug|Any CPU.Build.0 = Debug|Any CPU
		{708C3B22-13DE-4F56-B2BA-1B843726B1AB}.Release|Any CPU.ActiveCfg = Release|Any CPU
		{708C3B22-13DE-4F56-B2BA-1B843726B1AB}.Release|Any CPU.Build.0 = Release|Any CPU
		{3255B625-092C-41BB-BEEF-F361B5D41908}.Debug|Any CPU.ActiveCfg = Debug|Any CPU
		{3255B625-092C-41BB-BEEF-F361B5D41908}.Debug|Any CPU.Build.0 = Debug|Any CPU
		{3255B625-092C-41BB-BEEF-F361B5D41908}.Release|Any CPU.ActiveCfg = Release|Any CPU
		{3255B625-092C-41BB-BEEF-F361B5D41908}.Release|Any CPU.Build.0 = Release|Any CPU
	EndGlobalSection
	GlobalSection(SolutionProperties) = preSolution
		HideSolutionNode = FALSE
	EndGlobalSection
	GlobalSection(ExtensibilityGlobals) = postSolution
		SolutionGuid = {5559B3CF-DD6E-4542-A34D-96C8792A11A6}
	EndGlobalSection
EndGlobal
